// !$*UTF8*$!
{
	archiveVersion = 1;
	classes = {
	};
	objectVersion = 46;
	objects = {

/* Begin PBXBuildFile section */
		E47DD7231D7DB28B00B0E007 /* NSUserDefaults+setUIColor.swift in Sources */ = {isa = PBXBuildFile; fileRef = E47DD7221D7DB28B00B0E007 /* NSUserDefaults+setUIColor.swift */; };
		E47DD7251D7DCD2A00B0E007 /* UIColor+toRGB.swift in Sources */ = {isa = PBXBuildFile; fileRef = E47DD7241D7DCD2A00B0E007 /* UIColor+toRGB.swift */; };
		E4A03D001D7BB37200E8E7C8 /* AppDelegate.swift in Sources */ = {isa = PBXBuildFile; fileRef = E4A03CFF1D7BB37200E8E7C8 /* AppDelegate.swift */; };
		E4A03D021D7BB37200E8E7C8 /* ViewController.swift in Sources */ = {isa = PBXBuildFile; fileRef = E4A03D011D7BB37200E8E7C8 /* ViewController.swift */; };
		E4A03D051D7BB37200E8E7C8 /* Main.storyboard in Resources */ = {isa = PBXBuildFile; fileRef = E4A03D031D7BB37200E8E7C8 /* Main.storyboard */; };
		E4A03D071D7BB37200E8E7C8 /* Assets.xcassets in Resources */ = {isa = PBXBuildFile; fileRef = E4A03D061D7BB37200E8E7C8 /* Assets.xcassets */; };
		E4A03D0A1D7BB37200E8E7C8 /* LaunchScreen.storyboard in Resources */ = {isa = PBXBuildFile; fileRef = E4A03D081D7BB37200E8E7C8 /* LaunchScreen.storyboard */; };
		E4A03D151D7BB37200E8E7C8 /* RGB_SlidersTests.swift in Sources */ = {isa = PBXBuildFile; fileRef = E4A03D141D7BB37200E8E7C8 /* RGB_SlidersTests.swift */; };
		E4A03D201D7BB37200E8E7C8 /* RGB_SlidersUITests.swift in Sources */ = {isa = PBXBuildFile; fileRef = E4A03D1F1D7BB37200E8E7C8 /* RGB_SlidersUITests.swift */; };
		E4A03D2F1D7C9D3000E8E7C8 /* Float+toRgb.swift in Sources */ = {isa = PBXBuildFile; fileRef = E4A03D2E1D7C9D3000E8E7C8 /* Float+toRgb.swift */; };
/* End PBXBuildFile section */

/* Begin PBXContainerItemProxy section */
		E4A03D111D7BB37200E8E7C8 /* PBXContainerItemProxy */ = {
			isa = PBXContainerItemProxy;
			containerPortal = E4A03CF41D7BB37200E8E7C8 /* Project object */;
			proxyType = 1;
			remoteGlobalIDString = E4A03CFB1D7BB37200E8E7C8;
			remoteInfo = "RGB Sliders";
		};
		E4A03D1C1D7BB37200E8E7C8 /* PBXContainerItemProxy */ = {
			isa = PBXContainerItemProxy;
			containerPortal = E4A03CF41D7BB37200E8E7C8 /* Project object */;
			proxyType = 1;
			remoteGlobalIDString = E4A03CFB1D7BB37200E8E7C8;
			remoteInfo = "RGB Sliders";
		};
/* End PBXContainerItemProxy section */

/* Begin PBXFileReference section */
		E47DD7221D7DB28B00B0E007 /* NSUserDefaults+setUIColor.swift */ = {isa = PBXFileReference; fileEncoding = 4; lastKnownFileType = sourcecode.swift; path = "NSUserDefaults+setUIColor.swift"; sourceTree = "<group>"; };
		E47DD7241D7DCD2A00B0E007 /* UIColor+toRGB.swift */ = {isa = PBXFileReference; fileEncoding = 4; lastKnownFileType = sourcecode.swift; path = "UIColor+toRGB.swift"; sourceTree = "<group>"; };
		E4A03CFC1D7BB37200E8E7C8 /* RGB Sliders.app */ = {isa = PBXFileReference; explicitFileType = wrapper.application; includeInIndex = 0; path = "RGB Sliders.app"; sourceTree = BUILT_PRODUCTS_DIR; };
		E4A03CFF1D7BB37200E8E7C8 /* AppDelegate.swift */ = {isa = PBXFileReference; lastKnownFileType = sourcecode.swift; path = AppDelegate.swift; sourceTree = "<group>"; };
		E4A03D011D7BB37200E8E7C8 /* ViewController.swift */ = {isa = PBXFileReference; lastKnownFileType = sourcecode.swift; path = ViewController.swift; sourceTree = "<group>"; };
		E4A03D041D7BB37200E8E7C8 /* Base */ = {isa = PBXFileReference; lastKnownFileType = file.storyboard; name = Base; path = Base.lproj/Main.storyboard; sourceTree = "<group>"; };
		E4A03D061D7BB37200E8E7C8 /* Assets.xcassets */ = {isa = PBXFileReference; lastKnownFileType = folder.assetcatalog; path = Assets.xcassets; sourceTree = "<group>"; };
		E4A03D091D7BB37200E8E7C8 /* Base */ = {isa = PBXFileReference; lastKnownFileType = file.storyboard; name = Base; path = Base.lproj/LaunchScreen.storyboard; sourceTree = "<group>"; };
		E4A03D0B1D7BB37200E8E7C8 /* Info.plist */ = {isa = PBXFileReference; lastKnownFileType = text.plist.xml; path = Info.plist; sourceTree = "<group>"; };
		E4A03D101D7BB37200E8E7C8 /* RGB SlidersTests.xctest */ = {isa = PBXFileReference; explicitFileType = wrapper.cfbundle; includeInIndex = 0; path = "RGB SlidersTests.xctest"; sourceTree = BUILT_PRODUCTS_DIR; };
		E4A03D141D7BB37200E8E7C8 /* RGB_SlidersTests.swift */ = {isa = PBXFileReference; lastKnownFileType = sourcecode.swift; path = RGB_SlidersTests.swift; sourceTree = "<group>"; };
		E4A03D161D7BB37200E8E7C8 /* Info.plist */ = {isa = PBXFileReference; lastKnownFileType = text.plist.xml; path = Info.plist; sourceTree = "<group>"; };
		E4A03D1B1D7BB37200E8E7C8 /* RGB SlidersUITests.xctest */ = {isa = PBXFileReference; explicitFileType = wrapper.cfbundle; includeInIndex = 0; path = "RGB SlidersUITests.xctest"; sourceTree = BUILT_PRODUCTS_DIR; };
		E4A03D1F1D7BB37200E8E7C8 /* RGB_SlidersUITests.swift */ = {isa = PBXFileReference; lastKnownFileType = sourcecode.swift; path = RGB_SlidersUITests.swift; sourceTree = "<group>"; };
		E4A03D211D7BB37200E8E7C8 /* Info.plist */ = {isa = PBXFileReference; lastKnownFileType = text.plist.xml; path = Info.plist; sourceTree = "<group>"; };
		E4A03D2E1D7C9D3000E8E7C8 /* Float+toRgb.swift */ = {isa = PBXFileReference; fileEncoding = 4; lastKnownFileType = sourcecode.swift; name = "Float+toRgb.swift"; path = "RGB Sliders/Float+toRgb.swift"; sourceTree = SOURCE_ROOT; };
/* End PBXFileReference section */

/* Begin PBXFrameworksBuildPhase section */
		E4A03CF91D7BB37200E8E7C8 /* Frameworks */ = {
			isa = PBXFrameworksBuildPhase;
			buildActionMask = 2147483647;
			files = (
			);
			runOnlyForDeploymentPostprocessing = 0;
		};
		E4A03D0D1D7BB37200E8E7C8 /* Frameworks */ = {
			isa = PBXFrameworksBuildPhase;
			buildActionMask = 2147483647;
			files = (
			);
			runOnlyForDeploymentPostprocessing = 0;
		};
		E4A03D181D7BB37200E8E7C8 /* Frameworks */ = {
			isa = PBXFrameworksBuildPhase;
			buildActionMask = 2147483647;
			files = (
			);
			runOnlyForDeploymentPostprocessing = 0;
		};
/* End PBXFrameworksBuildPhase section */

/* Begin PBXGroup section */
		E4A03CF31D7BB37200E8E7C8 = {
			isa = PBXGroup;
			children = (
				E4A03CFE1D7BB37200E8E7C8 /* RGB Sliders */,
				E4A03D131D7BB37200E8E7C8 /* RGB SlidersTests */,
				E4A03D1E1D7BB37200E8E7C8 /* RGB SlidersUITests */,
				E4A03CFD1D7BB37200E8E7C8 /* Products */,
			);
			sourceTree = "<group>";
		};
		E4A03CFD1D7BB37200E8E7C8 /* Products */ = {
			isa = PBXGroup;
			children = (
				E4A03CFC1D7BB37200E8E7C8 /* RGB Sliders.app */,
				E4A03D101D7BB37200E8E7C8 /* RGB SlidersTests.xctest */,
				E4A03D1B1D7BB37200E8E7C8 /* RGB SlidersUITests.xctest */,
			);
			name = Products;
			sourceTree = "<group>";
		};
		E4A03CFE1D7BB37200E8E7C8 /* RGB Sliders */ = {
			isa = PBXGroup;
			children = (
				E4A03D2D1D7C9CF600E8E7C8 /* Extensions */,
				E4A03CFF1D7BB37200E8E7C8 /* AppDelegate.swift */,
				E4A03D011D7BB37200E8E7C8 /* ViewController.swift */,
				E4A03D031D7BB37200E8E7C8 /* Main.storyboard */,
				E4A03D061D7BB37200E8E7C8 /* Assets.xcassets */,
				E4A03D081D7BB37200E8E7C8 /* LaunchScreen.storyboard */,
				E4A03D0B1D7BB37200E8E7C8 /* Info.plist */,
			);
			path = "RGB Sliders";
			sourceTree = "<group>";
		};
		E4A03D131D7BB37200E8E7C8 /* RGB SlidersTests */ = {
			isa = PBXGroup;
			children = (
				E4A03D141D7BB37200E8E7C8 /* RGB_SlidersTests.swift */,
				E4A03D161D7BB37200E8E7C8 /* Info.plist */,
			);
			path = "RGB SlidersTests";
			sourceTree = "<group>";
		};
		E4A03D1E1D7BB37200E8E7C8 /* RGB SlidersUITests */ = {
			isa = PBXGroup;
			children = (
				E4A03D1F1D7BB37200E8E7C8 /* RGB_SlidersUITests.swift */,
				E4A03D211D7BB37200E8E7C8 /* Info.plist */,
			);
			path = "RGB SlidersUITests";
			sourceTree = "<group>";
		};
		E4A03D2D1D7C9CF600E8E7C8 /* Extensions */ = {
			isa = PBXGroup;
			children = (
				E4A03D2E1D7C9D3000E8E7C8 /* Float+toRgb.swift */,
				E47DD7221D7DB28B00B0E007 /* NSUserDefaults+setUIColor.swift */,
				E47DD7241D7DCD2A00B0E007 /* UIColor+toRGB.swift */,
			);
			name = Extensions;
			sourceTree = "<group>";
		};
/* End PBXGroup section */

/* Begin PBXNativeTarget section */
		E4A03CFB1D7BB37200E8E7C8 /* RGB Sliders */ = {
			isa = PBXNativeTarget;
			buildConfigurationList = E4A03D241D7BB37200E8E7C8 /* Build configuration list for PBXNativeTarget "RGB Sliders" */;
			buildPhases = (
				E4A03CF81D7BB37200E8E7C8 /* Sources */,
				E4A03CF91D7BB37200E8E7C8 /* Frameworks */,
				E4A03CFA1D7BB37200E8E7C8 /* Resources */,
			);
			buildRules = (
			);
			dependencies = (
			);
			name = "RGB Sliders";
			productName = "RGB Sliders";
			productReference = E4A03CFC1D7BB37200E8E7C8 /* RGB Sliders.app */;
			productType = "com.apple.product-type.application";
		};
		E4A03D0F1D7BB37200E8E7C8 /* RGB SlidersTests */ = {
			isa = PBXNativeTarget;
			buildConfigurationList = E4A03D271D7BB37200E8E7C8 /* Build configuration list for PBXNativeTarget "RGB SlidersTests" */;
			buildPhases = (
				E4A03D0C1D7BB37200E8E7C8 /* Sources */,
				E4A03D0D1D7BB37200E8E7C8 /* Frameworks */,
				E4A03D0E1D7BB37200E8E7C8 /* Resources */,
			);
			buildRules = (
			);
			dependencies = (
				E4A03D121D7BB37200E8E7C8 /* PBXTargetDependency */,
			);
			name = "RGB SlidersTests";
			productName = "RGB SlidersTests";
			productReference = E4A03D101D7BB37200E8E7C8 /* RGB SlidersTests.xctest */;
			productType = "com.apple.product-type.bundle.unit-test";
		};
		E4A03D1A1D7BB37200E8E7C8 /* RGB SlidersUITests */ = {
			isa = PBXNativeTarget;
			buildConfigurationList = E4A03D2A1D7BB37200E8E7C8 /* Build configuration list for PBXNativeTarget "RGB SlidersUITests" */;
			buildPhases = (
				E4A03D171D7BB37200E8E7C8 /* Sources */,
				E4A03D181D7BB37200E8E7C8 /* Frameworks */,
				E4A03D191D7BB37200E8E7C8 /* Resources */,
			);
			buildRules = (
			);
			dependencies = (
				E4A03D1D1D7BB37200E8E7C8 /* PBXTargetDependency */,
			);
			name = "RGB SlidersUITests";
			productName = "RGB SlidersUITests";
			productReference = E4A03D1B1D7BB37200E8E7C8 /* RGB SlidersUITests.xctest */;
			productType = "com.apple.product-type.bundle.ui-testing";
		};
/* End PBXNativeTarget section */

/* Begin PBXProject section */
		E4A03CF41D7BB37200E8E7C8 /* Project object */ = {
			isa = PBXProject;
			attributes = {
				LastSwiftUpdateCheck = 0730;
				LastUpgradeCheck = 0730;
				ORGANIZATIONNAME = "Mohojo Werks LLC";
				TargetAttributes = {
					E4A03CFB1D7BB37200E8E7C8 = {
						CreatedOnToolsVersion = 7.3.1;
					};
					E4A03D0F1D7BB37200E8E7C8 = {
						CreatedOnToolsVersion = 7.3.1;
						TestTargetID = E4A03CFB1D7BB37200E8E7C8;
					};
					E4A03D1A1D7BB37200E8E7C8 = {
						CreatedOnToolsVersion = 7.3.1;
						TestTargetID = E4A03CFB1D7BB37200E8E7C8;
					};
				};
			};
			buildConfigurationList = E4A03CF71D7BB37200E8E7C8 /* Build configuration list for PBXProject "RGB Sliders" */;
			compatibilityVersion = "Xcode 3.2";
			developmentRegion = English;
			hasScannedForEncodings = 0;
			knownRegions = (
				en,
				Base,
			);
			mainGroup = E4A03CF31D7BB37200E8E7C8;
			productRefGroup = E4A03CFD1D7BB37200E8E7C8 /* Products */;
			projectDirPath = "";
			projectRoot = "";
			targets = (
				E4A03CFB1D7BB37200E8E7C8 /* RGB Sliders */,
				E4A03D0F1D7BB37200E8E7C8 /* RGB SlidersTests */,
				E4A03D1A1D7BB37200E8E7C8 /* RGB SlidersUITests */,
			);
		};
/* End PBXProject section */

/* Begin PBXResourcesBuildPhase section */
		E4A03CFA1D7BB37200E8E7C8 /* Resources */ = {
			isa = PBXResourcesBuildPhase;
			buildActionMask = 2147483647;
			files = (
				E4A03D0A1D7BB37200E8E7C8 /* LaunchScreen.storyboard in Resources */,
				E4A03D071D7BB37200E8E7C8 /* Assets.xcassets in Resources */,
				E4A03D051D7BB37200E8E7C8 /* Main.storyboard in Resources */,
			);
			runOnlyForDeploymentPostprocessing = 0;
		};
		E4A03D0E1D7BB37200E8E7C8 /* Resources */ = {
			isa = PBXResourcesBuildPhase;
			buildActionMask = 2147483647;
			files = (
			);
			runOnlyForDeploymentPostprocessing = 0;
		};
		E4A03D191D7BB37200E8E7C8 /* Resources */ = {
			isa = PBXResourcesBuildPhase;
			buildActionMask = 2147483647;
			files = (
			);
			runOnlyForDeploymentPostprocessing = 0;
		};
/* End PBXResourcesBuildPhase section */

/* Begin PBXSourcesBuildPhase section */
		E4A03CF81D7BB37200E8E7C8 /* Sources */ = {
			isa = PBXSourcesBuildPhase;
			buildActionMask = 2147483647;
			files = (
				E47DD7251D7DCD2A00B0E007 /* UIColor+toRGB.swift in Sources */,
				E4A03D021D7BB37200E8E7C8 /* ViewController.swift in Sources */,
				E4A03D2F1D7C9D3000E8E7C8 /* Float+toRgb.swift in Sources */,
				E47DD7231D7DB28B00B0E007 /* NSUserDefaults+setUIColor.swift in Sources */,
				E4A03D001D7BB37200E8E7C8 /* AppDelegate.swift in Sources */,
			);
			runOnlyForDeploymentPostprocessing = 0;
		};
		E4A03D0C1D7BB37200E8E7C8 /* Sources */ = {
			isa = PBXSourcesBuildPhase;
			buildActionMask = 2147483647;
			files = (
				E4A03D151D7BB37200E8E7C8 /* RGB_SlidersTests.swift in Sources */,
			);
			runOnlyForDeploymentPostprocessing = 0;
		};
		E4A03D171D7BB37200E8E7C8 /* Sources */ = {
			isa = PBXSourcesBuildPhase;
			buildActionMask = 2147483647;
			files = (
				E4A03D201D7BB37200E8E7C8 /* RGB_SlidersUITests.swift in Sources */,
			);
			runOnlyForDeploymentPostprocessing = 0;
		};
/* End PBXSourcesBuildPhase section */

/* Begin PBXTargetDependency section */
		E4A03D121D7BB37200E8E7C8 /* PBXTargetDependency */ = {
			isa = PBXTargetDependency;
			target = E4A03CFB1D7BB37200E8E7C8 /* RGB Sliders */;
			targetProxy = E4A03D111D7BB37200E8E7C8 /* PBXContainerItemProxy */;
		};
		E4A03D1D1D7BB37200E8E7C8 /* PBXTargetDependency */ = {
			isa = PBXTargetDependency;
			target = E4A03CFB1D7BB37200E8E7C8 /* RGB Sliders */;
			targetProxy = E4A03D1C1D7BB37200E8E7C8 /* PBXContainerItemProxy */;
		};
/* End PBXTargetDependency section */

/* Begin PBXVariantGroup section */
		E4A03D031D7BB37200E8E7C8 /* Main.storyboard */ = {
			isa = PBXVariantGroup;
			children = (
				E4A03D041D7BB37200E8E7C8 /* Base */,
			);
			name = Main.storyboard;
			sourceTree = "<group>";
		};
		E4A03D081D7BB37200E8E7C8 /* LaunchScreen.storyboard */ = {
			isa = PBXVariantGroup;
			children = (
				E4A03D091D7BB37200E8E7C8 /* Base */,
			);
			name = LaunchScreen.storyboard;
			sourceTree = "<group>";
		};
/* End PBXVariantGroup section */

/* Begin XCBuildConfiguration section */
		E4A03D221D7BB37200E8E7C8 /* Debug */ = {
			isa = XCBuildConfiguration;
			buildSettings = {
				ALWAYS_SEARCH_USER_PATHS = NO;
				CLANG_ANALYZER_NONNULL = YES;
				CLANG_CXX_LANGUAGE_STANDARD = "gnu++0x";
				CLANG_CXX_LIBRARY = "libc++";
				CLANG_ENABLE_MODULES = YES;
				CLANG_ENABLE_OBJC_ARC = YES;
				CLANG_WARN_BOOL_CONVERSION = YES;
				CLANG_WARN_CONSTANT_CONVERSION = YES;
				CLANG_WARN_DIRECT_OBJC_ISA_USAGE = YES_ERROR;
				CLANG_WARN_EMPTY_BODY = YES;
				CLANG_WARN_ENUM_CONVERSION = YES;
				CLANG_WARN_INT_CONVERSION = YES;
				CLANG_WARN_OBJC_ROOT_CLASS = YES_ERROR;
				CLANG_WARN_UNREACHABLE_CODE = YES;
				CLANG_WARN__DUPLICATE_METHOD_MATCH = YES;
				"CODE_SIGN_IDENTITY[sdk=iphoneos*]" = "iPhone Developer";
				COPY_PHASE_STRIP = NO;
				DEBUG_INFORMATION_FORMAT = dwarf;
				ENABLE_STRICT_OBJC_MSGSEND = YES;
				ENABLE_TESTABILITY = YES;
				GCC_C_LANGUAGE_STANDARD = gnu99;
				GCC_DYNAMIC_NO_PIC = NO;
				GCC_NO_COMMON_BLOCKS = YES;
				GCC_OPTIMIZATION_LEVEL = 0;
				GCC_PREPROCESSOR_DEFINITIONS = (
					"DEBUG=1",
					"$(inherited)",
				);
				GCC_WARN_64_TO_32_BIT_CONVERSION = YES;
				GCC_WARN_ABOUT_RETURN_TYPE = YES_ERROR;
				GCC_WARN_UNDECLARED_SELECTOR = YES;
				GCC_WARN_UNINITIALIZED_AUTOS = YES_AGGRESSIVE;
				GCC_WARN_UNUSED_FUNCTION = YES;
				GCC_WARN_UNUSED_VARIABLE = YES;
				IPHONEOS_DEPLOYMENT_TARGET = 9.3;
				MTL_ENABLE_DEBUG_INFO = YES;
				ONLY_ACTIVE_ARCH = YES;
				SDKROOT = iphoneos;
				SWIFT_OPTIMIZATION_LEVEL = "-Onone";
			};
			name = Debug;
		};
		E4A03D231D7BB37200E8E7C8 /* Release */ = {
			isa = XCBuildConfiguration;
			buildSettings = {
				ALWAYS_SEARCH_USER_PATHS = NO;
				CLANG_ANALYZER_NONNULL = YES;
				CLANG_CXX_LANGUAGE_STANDARD = "gnu++0x";
				CLANG_CXX_LIBRARY = "libc++";
				CLANG_ENABLE_MODULES = YES;
				CLANG_ENABLE_OBJC_ARC = YES;
				CLANG_WARN_BOOL_CONVERSION = YES;
				CLANG_WARN_CONSTANT_CONVERSION = YES;
				CLANG_WARN_DIRECT_OBJC_ISA_USAGE = YES_ERROR;
				CLANG_WARN_EMPTY_BODY = YES;
				CLANG_WARN_ENUM_CONVERSION = YES;
				CLANG_WARN_INT_CONVERSION = YES;
				CLANG_WARN_OBJC_ROOT_CLASS = YES_ERROR;
				CLANG_WARN_UNREACHABLE_CODE = YES;
				CLANG_WARN__DUPLICATE_METHOD_MATCH = YES;
				"CODE_SIGN_IDENTITY[sdk=iphoneos*]" = "iPhone Developer";
				COPY_PHASE_STRIP = NO;
				DEBUG_INFORMATION_FORMAT = "dwarf-with-dsym";
				ENABLE_NS_ASSERTIONS = NO;
				ENABLE_STRICT_OBJC_MSGSEND = YES;
				GCC_C_LANGUAGE_STANDARD = gnu99;
				GCC_NO_COMMON_BLOCKS = YES;
				GCC_WARN_64_TO_32_BIT_CONVERSION = YES;
				GCC_WARN_ABOUT_RETURN_TYPE = YES_ERROR;
				GCC_WARN_UNDECLARED_SELECTOR = YES;
				GCC_WARN_UNINITIALIZED_AUTOS = YES_AGGRESSIVE;
				GCC_WARN_UNUSED_FUNCTION = YES;
				GCC_WARN_UNUSED_VARIABLE = YES;
				IPHONEOS_DEPLOYMENT_TARGET = 9.3;
				MTL_ENABLE_DEBUG_INFO = NO;
				SDKROOT = iphoneos;
				VALIDATE_PRODUCT = YES;
			};
			name = Release;
		};
		E4A03D251D7BB37200E8E7C8 /* Debug */ = {
			isa = XCBuildConfiguration;
			buildSettings = {
				ASSETCATALOG_COMPILER_APPICON_NAME = AppIcon;
				INFOPLIST_FILE = "RGB Sliders/Info.plist";
				LD_RUNPATH_SEARCH_PATHS = "$(inherited) @executable_path/Frameworks";
				PRODUCT_BUNDLE_IDENTIFIER = "com.mohojo-werks.RGB-Sliders";
				PRODUCT_NAME = "$(TARGET_NAME)";
			};
			name = Debug;
		};
		E4A03D261D7BB37200E8E7C8 /* Release */ = {
			isa = XCBuildConfiguration;
			buildSettings = {
				ASSETCATALOG_COMPILER_APPICON_NAME = AppIcon;
				INFOPLIST_FILE = "RGB Sliders/Info.plist";
				LD_RUNPATH_SEARCH_PATHS = "$(inherited) @executable_path/Frameworks";
				PRODUCT_BUNDLE_IDENTIFIER = "com.mohojo-werks.RGB-Sliders";
				PRODUCT_NAME = "$(TARGET_NAME)";
			};
			name = Release;
		};
		E4A03D281D7BB37200E8E7C8 /* Debug */ = {
			isa = XCBuildConfiguration;
			buildSettings = {
				BUNDLE_LOADER = "$(TEST_HOST)";
				INFOPLIST_FILE = "RGB SlidersTests/Info.plist";
				LD_RUNPATH_SEARCH_PATHS = "$(inherited) @executable_path/Frameworks @loader_path/Frameworks";
				PRODUCT_BUNDLE_IDENTIFIER = "com.mohojo-werks.RGB-SlidersTests";
				PRODUCT_NAME = "$(TARGET_NAME)";
				TEST_HOST = "$(BUILT_PRODUCTS_DIR)/RGB Sliders.app/RGB Sliders";
			};
			name = Debug;
		};
		E4A03D291D7BB37200E8E7C8 /* Release */ = {
			isa = XCBuildConfiguration;
			buildSettings = {
				BUNDLE_LOADER = "$(TEST_HOST)";
				INFOPLIST_FILE = "RGB SlidersTests/Info.plist";
				LD_RUNPATH_SEARCH_PATHS = "$(inherited) @executable_path/Frameworks @loader_path/Frameworks";
				PRODUCT_BUNDLE_IDENTIFIER = "com.mohojo-werks.RGB-SlidersTests";
				PRODUCT_NAME = "$(TARGET_NAME)";
				TEST_HOST = "$(BUILT_PRODUCTS_DIR)/RGB Sliders.app/RGB Sliders";
			};
			name = Release;
		};
		E4A03D2B1D7BB37200E8E7C8 /* Debug */ = {
			isa = XCBuildConfiguration;
			buildSettings = {
				INFOPLIST_FILE = "RGB SlidersUITests/Info.plist";
				LD_RUNPATH_SEARCH_PATHS = "$(inherited) @executable_path/Frameworks @loader_path/Frameworks";
				PRODUCT_BUNDLE_IDENTIFIER = "com.mohojo-werks.RGB-SlidersUITests";
				PRODUCT_NAME = "$(TARGET_NAME)";
				TEST_TARGET_NAME = "RGB Sliders";
			};
			name = Debug;
		};
		E4A03D2C1D7BB37200E8E7C8 /* Release */ = {
			isa = XCBuildConfiguration;
			buildSettings = {
				INFOPLIST_FILE = "RGB SlidersUITests/Info.plist";
				LD_RUNPATH_SEARCH_PATHS = "$(inherited) @executable_path/Frameworks @loader_path/Frameworks";
				PRODUCT_BUNDLE_IDENTIFIER = "com.mohojo-werks.RGB-SlidersUITests";
				PRODUCT_NAME = "$(TARGET_NAME)";
				TEST_TARGET_NAME = "RGB Sliders";
			};
			name = Release;
		};
/* End XCBuildConfiguration section */

/* Begin XCConfigurationList section */
		E4A03CF71D7BB37200E8E7C8 /* Build configuration list for PBXProject "RGB Sliders" */ = {
			isa = XCConfigurationList;
			buildConfigurations = (
				E4A03D221D7BB37200E8E7C8 /* Debug */,
				E4A03D231D7BB37200E8E7C8 /* Release */,
			);
			defaultConfigurationIsVisible = 0;
			defaultConfigurationName = Release;
		};
		E4A03D241D7BB37200E8E7C8 /* Build configuration list for PBXNativeTarget "RGB Sliders" */ = {
			isa = XCConfigurationList;
			buildConfigurations = (
				E4A03D251D7BB37200E8E7C8 /* Debug */,
				E4A03D261D7BB37200E8E7C8 /* Release */,
			);
			defaultConfigurationIsVisible = 0;
			defaultConfigurationName = Release;
		};
		E4A03D271D7BB37200E8E7C8 /* Build configuration list for PBXNativeTarget "RGB SlidersTests" */ = {
			isa = XCConfigurationList;
			buildConfigurations = (
				E4A03D281D7BB37200E8E7C8 /* Debug */,
				E4A03D291D7BB37200E8E7C8 /* Release */,
			);
			defaultConfigurationIsVisible = 0;
			defaultConfigurationName = Release;
		};
		E4A03D2A1D7BB37200E8E7C8 /* Build configuration list for PBXNativeTarget "RGB SlidersUITests" */ = {
			isa = XCConfigurationList;
			buildConfigurations = (
				E4A03D2B1D7BB37200E8E7C8 /* Debug */,
				E4A03D2C1D7BB37200E8E7C8 /* Release */,
			);
			defaultConfigurationIsVisible = 0;
			defaultConfigurationName = Release;
		};
/* End XCConfigurationList section */
	};
	rootObject = E4A03CF41D7BB37200E8E7C8 /* Project object */;
}
