// !$*UTF8*$!
{
	archiveVersion = 1;
	classes = {
	};
	objectVersion = 46;
	objects = {

/* Begin PBXBuildFile section */
		E448F61C1D7EBC35002223FD /* AppDelegate.swift in Sources */ = {isa = PBXBuildFile; fileRef = E448F61B1D7EBC35002223FD /* AppDelegate.swift */; };
		E448F61E1D7EBC35002223FD /* ViewController.swift in Sources */ = {isa = PBXBuildFile; fileRef = E448F61D1D7EBC35002223FD /* ViewController.swift */; };
		E448F6211D7EBC35002223FD /* Main.storyboard in Resources */ = {isa = PBXBuildFile; fileRef = E448F61F1D7EBC35002223FD /* Main.storyboard */; };
		E448F6231D7EBC35002223FD /* Assets.xcassets in Resources */ = {isa = PBXBuildFile; fileRef = E448F6221D7EBC35002223FD /* Assets.xcassets */; };
		E448F6261D7EBC35002223FD /* LaunchScreen.storyboard in Resources */ = {isa = PBXBuildFile; fileRef = E448F6241D7EBC35002223FD /* LaunchScreen.storyboard */; };
		E448F6311D7EBC35002223FD /* BonusRoundTests.swift in Sources */ = {isa = PBXBuildFile; fileRef = E448F6301D7EBC35002223FD /* BonusRoundTests.swift */; };
		E448F63C1D7EBC35002223FD /* BonusRoundUITests.swift in Sources */ = {isa = PBXBuildFile; fileRef = E448F63B1D7EBC35002223FD /* BonusRoundUITests.swift */; };
		E45667041D86419D002D2AE4 /* NewStreakViewController.swift in Sources */ = {isa = PBXBuildFile; fileRef = E45667031D86419D002D2AE4 /* NewStreakViewController.swift */; };
		E45667061D864680002D2AE4 /* BottomBorderLabel.swift in Sources */ = {isa = PBXBuildFile; fileRef = E45667051D864680002D2AE4 /* BottomBorderLabel.swift */; };
		E45667081D86694C002D2AE4 /* PlaceholderControl.swift in Sources */ = {isa = PBXBuildFile; fileRef = E45667071D86694C002D2AE4 /* PlaceholderControl.swift */; };
		E456670A1D86EDBB002D2AE4 /* NSAttributedString+getAttributedStringValue<T>.swift in Sources */ = {isa = PBXBuildFile; fileRef = E45667091D86EDBB002D2AE4 /* NSAttributedString+getAttributedStringValue<T>.swift */; };
		E456670C1D871696002D2AE4 /* UIColor+seventyPercentGreyColor.swift in Sources */ = {isa = PBXBuildFile; fileRef = E456670B1D871696002D2AE4 /* UIColor+seventyPercentGreyColor.swift */; };
		E49B35E81D83376A00477068 /* Default-568h@2x.png in Resources */ = {isa = PBXBuildFile; fileRef = E49B35E71D83376A00477068 /* Default-568h@2x.png */; };
		E4F09F931D85F04B00CDDBEE /* BottomBorderTextField.swift in Sources */ = {isa = PBXBuildFile; fileRef = E4F09F921D85F04B00CDDBEE /* BottomBorderTextField.swift */; };
/* End PBXBuildFile section */

/* Begin PBXContainerItemProxy section */
		E448F62D1D7EBC35002223FD /* PBXContainerItemProxy */ = {
			isa = PBXContainerItemProxy;
			containerPortal = E448F6101D7EBC35002223FD /* Project object */;
			proxyType = 1;
			remoteGlobalIDString = E448F6171D7EBC35002223FD;
			remoteInfo = Unit03Lesson02_06_BonusRound;
		};
		E448F6381D7EBC35002223FD /* PBXContainerItemProxy */ = {
			isa = PBXContainerItemProxy;
			containerPortal = E448F6101D7EBC35002223FD /* Project object */;
			proxyType = 1;
			remoteGlobalIDString = E448F6171D7EBC35002223FD;
			remoteInfo = Unit03Lesson02_06_BonusRound;
		};
/* End PBXContainerItemProxy section */

/* Begin PBXFileReference section */
		E448F6181D7EBC35002223FD /* BonusRound.app */ = {isa = PBXFileReference; explicitFileType = wrapper.application; includeInIndex = 0; path = BonusRound.app; sourceTree = BUILT_PRODUCTS_DIR; };
		E448F61B1D7EBC35002223FD /* AppDelegate.swift */ = {isa = PBXFileReference; lastKnownFileType = sourcecode.swift; path = AppDelegate.swift; sourceTree = "<group>"; };
		E448F61D1D7EBC35002223FD /* ViewController.swift */ = {isa = PBXFileReference; lastKnownFileType = sourcecode.swift; path = ViewController.swift; sourceTree = "<group>"; };
		E448F6201D7EBC35002223FD /* Base */ = {isa = PBXFileReference; lastKnownFileType = file.storyboard; name = Base; path = Base.lproj/Main.storyboard; sourceTree = "<group>"; };
		E448F6221D7EBC35002223FD /* Assets.xcassets */ = {isa = PBXFileReference; lastKnownFileType = folder.assetcatalog; path = Assets.xcassets; sourceTree = "<group>"; };
		E448F6251D7EBC35002223FD /* Base */ = {isa = PBXFileReference; lastKnownFileType = file.storyboard; name = Base; path = Base.lproj/LaunchScreen.storyboard; sourceTree = "<group>"; };
		E448F6271D7EBC35002223FD /* Info.plist */ = {isa = PBXFileReference; lastKnownFileType = text.plist.xml; path = Info.plist; sourceTree = "<group>"; };
		E448F62C1D7EBC35002223FD /* BonusRound.xctest */ = {isa = PBXFileReference; explicitFileType = wrapper.cfbundle; includeInIndex = 0; path = BonusRound.xctest; sourceTree = BUILT_PRODUCTS_DIR; };
		E448F6301D7EBC35002223FD /* BonusRoundTests.swift */ = {isa = PBXFileReference; lastKnownFileType = sourcecode.swift; name = BonusRoundTests.swift; path = BonusRoundTests/BonusRoundTests.swift; sourceTree = "<group>"; };
		E448F6321D7EBC35002223FD /* Info.plist */ = {isa = PBXFileReference; lastKnownFileType = text.plist; name = Info.plist; path = BonusRoundTests/Info.plist; sourceTree = "<group>"; };
		E448F6371D7EBC35002223FD /* BonusRound.xctest */ = {isa = PBXFileReference; explicitFileType = wrapper.cfbundle; includeInIndex = 0; path = BonusRound.xctest; sourceTree = BUILT_PRODUCTS_DIR; };
		E448F63B1D7EBC35002223FD /* BonusRoundUITests.swift */ = {isa = PBXFileReference; lastKnownFileType = sourcecode.swift; name = BonusRoundUITests.swift; path = BonusRoundUITests/BonusRoundUITests.swift; sourceTree = "<group>"; };
		E448F63D1D7EBC35002223FD /* Info.plist */ = {isa = PBXFileReference; lastKnownFileType = text.plist; name = Info.plist; path = BonusRoundUITests/Info.plist; sourceTree = "<group>"; };
		E45667031D86419D002D2AE4 /* NewStreakViewController.swift */ = {isa = PBXFileReference; fileEncoding = 4; lastKnownFileType = sourcecode.swift; path = NewStreakViewController.swift; sourceTree = "<group>"; };
		E45667051D864680002D2AE4 /* BottomBorderLabel.swift */ = {isa = PBXFileReference; fileEncoding = 4; lastKnownFileType = sourcecode.swift; path = BottomBorderLabel.swift; sourceTree = "<group>"; };
		E45667071D86694C002D2AE4 /* PlaceholderControl.swift */ = {isa = PBXFileReference; fileEncoding = 4; lastKnownFileType = sourcecode.swift; path = PlaceholderControl.swift; sourceTree = "<group>"; };
		E45667091D86EDBB002D2AE4 /* NSAttributedString+getAttributedStringValue<T>.swift */ = {isa = PBXFileReference; fileEncoding = 4; lastKnownFileType = sourcecode.swift; path = "NSAttributedString+getAttributedStringValue<T>.swift"; sourceTree = "<group>"; };
		E456670B1D871696002D2AE4 /* UIColor+seventyPercentGreyColor.swift */ = {isa = PBXFileReference; fileEncoding = 4; lastKnownFileType = sourcecode.swift; path = "UIColor+seventyPercentGreyColor.swift"; sourceTree = "<group>"; };
		E49B35E71D83376A00477068 /* Default-568h@2x.png */ = {isa = PBXFileReference; lastKnownFileType = image.png; path = "Default-568h@2x.png"; sourceTree = "<group>"; };
		E4F09F921D85F04B00CDDBEE /* BottomBorderTextField.swift */ = {isa = PBXFileReference; fileEncoding = 4; lastKnownFileType = sourcecode.swift; path = BottomBorderTextField.swift; sourceTree = "<group>"; };
/* End PBXFileReference section */

/* Begin PBXFrameworksBuildPhase section */
		E448F6151D7EBC35002223FD /* Frameworks */ = {
			isa = PBXFrameworksBuildPhase;
			buildActionMask = 2147483647;
			files = (
			);
			runOnlyForDeploymentPostprocessing = 0;
		};
		E448F6291D7EBC35002223FD /* Frameworks */ = {
			isa = PBXFrameworksBuildPhase;
			buildActionMask = 2147483647;
			files = (
			);
			runOnlyForDeploymentPostprocessing = 0;
		};
		E448F6341D7EBC35002223FD /* Frameworks */ = {
			isa = PBXFrameworksBuildPhase;
			buildActionMask = 2147483647;
			files = (
			);
			runOnlyForDeploymentPostprocessing = 0;
		};
/* End PBXFrameworksBuildPhase section */

/* Begin PBXGroup section */
		E448F60F1D7EBC35002223FD = {
			isa = PBXGroup;
			children = (
				E49B35E71D83376A00477068 /* Default-568h@2x.png */,
				E448F61A1D7EBC35002223FD /* BonusRound */,
				E448F62F1D7EBC35002223FD /* BonusRoundTests */,
				E448F63A1D7EBC35002223FD /* BonusRoundUITests */,
				E448F6191D7EBC35002223FD /* Products */,
			);
			sourceTree = "<group>";
		};
		E448F6191D7EBC35002223FD /* Products */ = {
			isa = PBXGroup;
			children = (
				E448F6181D7EBC35002223FD /* BonusRound.app */,
				E448F62C1D7EBC35002223FD /* BonusRound.xctest */,
				E448F6371D7EBC35002223FD /* BonusRound.xctest */,
			);
			name = Products;
			sourceTree = "<group>";
		};
		E448F61A1D7EBC35002223FD /* BonusRound */ = {
			isa = PBXGroup;
			children = (
				E4F09F911D85EFF800CDDBEE /* Code */,
				E448F61B1D7EBC35002223FD /* AppDelegate.swift */,
				E448F61D1D7EBC35002223FD /* ViewController.swift */,
				E448F61F1D7EBC35002223FD /* Main.storyboard */,
				E448F6221D7EBC35002223FD /* Assets.xcassets */,
				E448F6241D7EBC35002223FD /* LaunchScreen.storyboard */,
				E448F6271D7EBC35002223FD /* Info.plist */,
				E45667031D86419D002D2AE4 /* NewStreakViewController.swift */,
			);
			path = BonusRound;
			sourceTree = "<group>";
		};
		E448F62F1D7EBC35002223FD /* BonusRoundTests */ = {
			isa = PBXGroup;
			children = (
				E448F6301D7EBC35002223FD /* BonusRoundTests.swift */,
				E448F6321D7EBC35002223FD /* Info.plist */,
			);
			name = BonusRoundTests;
			path = Unit03Lesson02_06_BonusRoundTests;
			sourceTree = "<group>";
		};
		E448F63A1D7EBC35002223FD /* BonusRoundUITests */ = {
			isa = PBXGroup;
			children = (
				E448F63B1D7EBC35002223FD /* BonusRoundUITests.swift */,
				E448F63D1D7EBC35002223FD /* Info.plist */,
			);
			name = BonusRoundUITests;
			path = Unit03Lesson02_06_BonusRoundUITests;
			sourceTree = "<group>";
		};
		E4F09F911D85EFF800CDDBEE /* Code */ = {
			isa = PBXGroup;
			children = (
				E4F09F921D85F04B00CDDBEE /* BottomBorderTextField.swift */,
				E45667051D864680002D2AE4 /* BottomBorderLabel.swift */,
				E45667071D86694C002D2AE4 /* PlaceholderControl.swift */,
				E45667091D86EDBB002D2AE4 /* NSAttributedString+getAttributedStringValue<T>.swift */,
				E456670B1D871696002D2AE4 /* UIColor+seventyPercentGreyColor.swift */,
			);
			name = Code;
			sourceTree = "<group>";
		};
/* End PBXGroup section */

/* Begin PBXNativeTarget section */
		E448F6171D7EBC35002223FD /* BonusRound */ = {
			isa = PBXNativeTarget;
			buildConfigurationList = E448F6401D7EBC35002223FD /* Build configuration list for PBXNativeTarget "BonusRound" */;
			buildPhases = (
				E448F6141D7EBC35002223FD /* Sources */,
				E448F6151D7EBC35002223FD /* Frameworks */,
				E448F6161D7EBC35002223FD /* Resources */,
			);
			buildRules = (
			);
			dependencies = (
			);
			name = BonusRound;
			productName = Unit03Lesson02_06_BonusRound;
			productReference = E448F6181D7EBC35002223FD /* BonusRound.app */;
			productType = "com.apple.product-type.application";
		};
		E448F62B1D7EBC35002223FD /* BonusRoundTests */ = {
			isa = PBXNativeTarget;
			buildConfigurationList = E448F6431D7EBC35002223FD /* Build configuration list for PBXNativeTarget "BonusRoundTests" */;
			buildPhases = (
				E448F6281D7EBC35002223FD /* Sources */,
				E448F6291D7EBC35002223FD /* Frameworks */,
				E448F62A1D7EBC35002223FD /* Resources */,
			);
			buildRules = (
			);
			dependencies = (
				E448F62E1D7EBC35002223FD /* PBXTargetDependency */,
			);
			name = BonusRoundTests;
			productName = Unit03Lesson02_06_BonusRoundTests;
			productReference = E448F62C1D7EBC35002223FD /* BonusRound.xctest */;
			productType = "com.apple.product-type.bundle.unit-test";
		};
		E448F6361D7EBC35002223FD /* BonusRoundUITests */ = {
			isa = PBXNativeTarget;
			buildConfigurationList = E448F6461D7EBC35002223FD /* Build configuration list for PBXNativeTarget "BonusRoundUITests" */;
			buildPhases = (
				E448F6331D7EBC35002223FD /* Sources */,
				E448F6341D7EBC35002223FD /* Frameworks */,
				E448F6351D7EBC35002223FD /* Resources */,
			);
			buildRules = (
			);
			dependencies = (
				E448F6391D7EBC35002223FD /* PBXTargetDependency */,
			);
			name = BonusRoundUITests;
			productName = Unit03Lesson02_06_BonusRoundUITests;
			productReference = E448F6371D7EBC35002223FD /* BonusRound.xctest */;
			productType = "com.apple.product-type.bundle.ui-testing";
		};
/* End PBXNativeTarget section */

/* Begin PBXProject section */
		E448F6101D7EBC35002223FD /* Project object */ = {
			isa = PBXProject;
			attributes = {
				LastSwiftUpdateCheck = 0730;
				LastUpgradeCheck = 0730;
				ORGANIZATIONNAME = "Mohojo Werks LLC";
				TargetAttributes = {
					E448F6171D7EBC35002223FD = {
						CreatedOnToolsVersion = 7.3.1;
						DevelopmentTeam = 2XR7EU8WL3;
					};
					E448F62B1D7EBC35002223FD = {
						CreatedOnToolsVersion = 7.3.1;
						TestTargetID = E448F6171D7EBC35002223FD;
					};
					E448F6361D7EBC35002223FD = {
						CreatedOnToolsVersion = 7.3.1;
						TestTargetID = E448F6171D7EBC35002223FD;
					};
				};
			};
			buildConfigurationList = E448F6131D7EBC35002223FD /* Build configuration list for PBXProject "BonusRound" */;
			compatibilityVersion = "Xcode 3.2";
			developmentRegion = English;
			hasScannedForEncodings = 0;
			knownRegions = (
				en,
				Base,
			);
			mainGroup = E448F60F1D7EBC35002223FD;
			productRefGroup = E448F6191D7EBC35002223FD /* Products */;
			projectDirPath = "";
			projectRoot = "";
			targets = (
				E448F6171D7EBC35002223FD /* BonusRound */,
				E448F62B1D7EBC35002223FD /* BonusRoundTests */,
				E448F6361D7EBC35002223FD /* BonusRoundUITests */,
			);
		};
/* End PBXProject section */

/* Begin PBXResourcesBuildPhase section */
		E448F6161D7EBC35002223FD /* Resources */ = {
			isa = PBXResourcesBuildPhase;
			buildActionMask = 2147483647;
			files = (
				E448F6261D7EBC35002223FD /* LaunchScreen.storyboard in Resources */,
				E49B35E81D83376A00477068 /* Default-568h@2x.png in Resources */,
				E448F6231D7EBC35002223FD /* Assets.xcassets in Resources */,
				E448F6211D7EBC35002223FD /* Main.storyboard in Resources */,
			);
			runOnlyForDeploymentPostprocessing = 0;
		};
		E448F62A1D7EBC35002223FD /* Resources */ = {
			isa = PBXResourcesBuildPhase;
			buildActionMask = 2147483647;
			files = (
			);
			runOnlyForDeploymentPostprocessing = 0;
		};
		E448F6351D7EBC35002223FD /* Resources */ = {
			isa = PBXResourcesBuildPhase;
			buildActionMask = 2147483647;
			files = (
			);
			runOnlyForDeploymentPostprocessing = 0;
		};
/* End PBXResourcesBuildPhase section */

/* Begin PBXSourcesBuildPhase section */
		E448F6141D7EBC35002223FD /* Sources */ = {
			isa = PBXSourcesBuildPhase;
			buildActionMask = 2147483647;
			files = (
				E456670A1D86EDBB002D2AE4 /* NSAttributedString+getAttributedStringValue<T>.swift in Sources */,
				E4F09F931D85F04B00CDDBEE /* BottomBorderTextField.swift in Sources */,
				E456670C1D871696002D2AE4 /* UIColor+seventyPercentGreyColor.swift in Sources */,
				E448F61E1D7EBC35002223FD /* ViewController.swift in Sources */,
				E448F61C1D7EBC35002223FD /* AppDelegate.swift in Sources */,
				E45667041D86419D002D2AE4 /* NewStreakViewController.swift in Sources */,
				E45667081D86694C002D2AE4 /* PlaceholderControl.swift in Sources */,
				E45667061D864680002D2AE4 /* BottomBorderLabel.swift in Sources */,
			);
			runOnlyForDeploymentPostprocessing = 0;
		};
		E448F6281D7EBC35002223FD /* Sources */ = {
			isa = PBXSourcesBuildPhase;
			buildActionMask = 2147483647;
			files = (
				E448F6311D7EBC35002223FD /* BonusRoundTests.swift in Sources */,
			);
			runOnlyForDeploymentPostprocessing = 0;
		};
		E448F6331D7EBC35002223FD /* Sources */ = {
			isa = PBXSourcesBuildPhase;
			buildActionMask = 2147483647;
			files = (
				E448F63C1D7EBC35002223FD /* BonusRoundUITests.swift in Sources */,
			);
			runOnlyForDeploymentPostprocessing = 0;
		};
/* End PBXSourcesBuildPhase section */

/* Begin PBXTargetDependency section */
		E448F62E1D7EBC35002223FD /* PBXTargetDependency */ = {
			isa = PBXTargetDependency;
			target = E448F6171D7EBC35002223FD /* BonusRound */;
			targetProxy = E448F62D1D7EBC35002223FD /* PBXContainerItemProxy */;
		};
		E448F6391D7EBC35002223FD /* PBXTargetDependency */ = {
			isa = PBXTargetDependency;
			target = E448F6171D7EBC35002223FD /* BonusRound */;
			targetProxy = E448F6381D7EBC35002223FD /* PBXContainerItemProxy */;
		};
/* End PBXTargetDependency section */

/* Begin PBXVariantGroup section */
		E448F61F1D7EBC35002223FD /* Main.storyboard */ = {
			isa = PBXVariantGroup;
			children = (
				E448F6201D7EBC35002223FD /* Base */,
			);
			name = Main.storyboard;
			sourceTree = "<group>";
		};
		E448F6241D7EBC35002223FD /* LaunchScreen.storyboard */ = {
			isa = PBXVariantGroup;
			children = (
				E448F6251D7EBC35002223FD /* Base */,
			);
			name = LaunchScreen.storyboard;
			sourceTree = "<group>";
		};
/* End PBXVariantGroup section */

/* Begin XCBuildConfiguration section */
		E448F63E1D7EBC35002223FD /* Debug */ = {
			isa = XCBuildConfiguration;
			buildSettings = {
				ALWAYS_SEARCH_USER_PATHS = NO;
				CLANG_ANALYZER_NONNULL = YES;
				CLANG_CXX_LANGUAGE_STANDARD = "gnu++0x";
				CLANG_CXX_LIBRARY = "libc++";
				CLANG_ENABLE_MODULES = YES;
				CLANG_ENABLE_OBJC_ARC = YES;
				CLANG_WARN_BOOL_CONVERSION = YES;
				CLANG_WARN_CONSTANT_CONVERSION = YES;
				CLANG_WARN_DIRECT_OBJC_ISA_USAGE = YES_ERROR;
				CLANG_WARN_EMPTY_BODY = YES;
				CLANG_WARN_ENUM_CONVERSION = YES;
				CLANG_WARN_INT_CONVERSION = YES;
				CLANG_WARN_OBJC_ROOT_CLASS = YES_ERROR;
				CLANG_WARN_UNREACHABLE_CODE = YES;
				CLANG_WARN__DUPLICATE_METHOD_MATCH = YES;
				"CODE_SIGN_IDENTITY[sdk=iphoneos*]" = "iPhone Developer";
				COPY_PHASE_STRIP = NO;
				DEBUG_INFORMATION_FORMAT = dwarf;
				ENABLE_STRICT_OBJC_MSGSEND = YES;
				ENABLE_TESTABILITY = YES;
				GCC_C_LANGUAGE_STANDARD = gnu99;
				GCC_DYNAMIC_NO_PIC = NO;
				GCC_NO_COMMON_BLOCKS = YES;
				GCC_OPTIMIZATION_LEVEL = 0;
				GCC_PREPROCESSOR_DEFINITIONS = (
					"DEBUG=1",
					"$(inherited)",
				);
				GCC_WARN_64_TO_32_BIT_CONVERSION = YES;
				GCC_WARN_ABOUT_RETURN_TYPE = YES_ERROR;
				GCC_WARN_UNDECLARED_SELECTOR = YES;
				GCC_WARN_UNINITIALIZED_AUTOS = YES_AGGRESSIVE;
				GCC_WARN_UNUSED_FUNCTION = YES;
				GCC_WARN_UNUSED_VARIABLE = YES;
				IPHONEOS_DEPLOYMENT_TARGET = 9.3;
				MTL_ENABLE_DEBUG_INFO = YES;
				ONLY_ACTIVE_ARCH = YES;
				SDKROOT = iphoneos;
				SWIFT_OPTIMIZATION_LEVEL = "-Onone";
			};
			name = Debug;
		};
		E448F63F1D7EBC35002223FD /* Release */ = {
			isa = XCBuildConfiguration;
			buildSettings = {
				ALWAYS_SEARCH_USER_PATHS = NO;
				CLANG_ANALYZER_NONNULL = YES;
				CLANG_CXX_LANGUAGE_STANDARD = "gnu++0x";
				CLANG_CXX_LIBRARY = "libc++";
				CLANG_ENABLE_MODULES = YES;
				CLANG_ENABLE_OBJC_ARC = YES;
				CLANG_WARN_BOOL_CONVERSION = YES;
				CLANG_WARN_CONSTANT_CONVERSION = YES;
				CLANG_WARN_DIRECT_OBJC_ISA_USAGE = YES_ERROR;
				CLANG_WARN_EMPTY_BODY = YES;
				CLANG_WARN_ENUM_CONVERSION = YES;
				CLANG_WARN_INT_CONVERSION = YES;
				CLANG_WARN_OBJC_ROOT_CLASS = YES_ERROR;
				CLANG_WARN_UNREACHABLE_CODE = YES;
				CLANG_WARN__DUPLICATE_METHOD_MATCH = YES;
				"CODE_SIGN_IDENTITY[sdk=iphoneos*]" = "iPhone Developer";
				COPY_PHASE_STRIP = NO;
				DEBUG_INFORMATION_FORMAT = "dwarf-with-dsym";
				ENABLE_NS_ASSERTIONS = NO;
				ENABLE_STRICT_OBJC_MSGSEND = YES;
				GCC_C_LANGUAGE_STANDARD = gnu99;
				GCC_NO_COMMON_BLOCKS = YES;
				GCC_WARN_64_TO_32_BIT_CONVERSION = YES;
				GCC_WARN_ABOUT_RETURN_TYPE = YES_ERROR;
				GCC_WARN_UNDECLARED_SELECTOR = YES;
				GCC_WARN_UNINITIALIZED_AUTOS = YES_AGGRESSIVE;
				GCC_WARN_UNUSED_FUNCTION = YES;
				GCC_WARN_UNUSED_VARIABLE = YES;
				IPHONEOS_DEPLOYMENT_TARGET = 9.3;
				MTL_ENABLE_DEBUG_INFO = NO;
				SDKROOT = iphoneos;
				VALIDATE_PRODUCT = YES;
			};
			name = Release;
		};
		E448F6411D7EBC35002223FD /* Debug */ = {
			isa = XCBuildConfiguration;
			buildSettings = {
				ASSETCATALOG_COMPILER_APPICON_NAME = AppIcon;
				CODE_SIGN_IDENTITY = "iPhone Developer";
				"CODE_SIGN_IDENTITY[sdk=iphoneos*]" = "iPhone Developer";
				INFOPLIST_FILE = "$(SRCROOT)/BonusRound/Info.plist";
				LD_RUNPATH_SEARCH_PATHS = "$(inherited) @executable_path/Frameworks";
				PRODUCT_BUNDLE_IDENTIFIER = "com.mohojo-werks.BonusRound";
				PRODUCT_NAME = BonusRound;
				PROVISIONING_PROFILE = "";
			};
			name = Debug;
		};
		E448F6421D7EBC35002223FD /* Release */ = {
			isa = XCBuildConfiguration;
			buildSettings = {
				ASSETCATALOG_COMPILER_APPICON_NAME = AppIcon;
				CODE_SIGN_IDENTITY = "iPhone Developer";
				"CODE_SIGN_IDENTITY[sdk=iphoneos*]" = "iPhone Developer";
				INFOPLIST_FILE = "$(SRCROOT)/BonusRound/Info.plist";
				LD_RUNPATH_SEARCH_PATHS = "$(inherited) @executable_path/Frameworks";
				PRODUCT_BUNDLE_IDENTIFIER = "com.mohojo-werks.BonusRound";
				PRODUCT_NAME = BonusRound;
				PROVISIONING_PROFILE = "";
			};
			name = Release;
		};
		E448F6441D7EBC35002223FD /* Debug */ = {
			isa = XCBuildConfiguration;
			buildSettings = {
				BUNDLE_LOADER = "$(TEST_HOST)";
				INFOPLIST_FILE = Unit03Lesson02_06_BonusRoundTests/Info.plist;
				LD_RUNPATH_SEARCH_PATHS = "$(inherited) @executable_path/Frameworks @loader_path/Frameworks";
				PRODUCT_BUNDLE_IDENTIFIER = "com.mohojo-werks.Unit03Lesson02-06-BonusRoundTests";
				PRODUCT_NAME = BonusRound;
				TEST_HOST = "$(BUILT_PRODUCTS_DIR)/BonusRound.app/BonusRound";
			};
			name = Debug;
		};
		E448F6451D7EBC35002223FD /* Release */ = {
			isa = XCBuildConfiguration;
			buildSettings = {
				BUNDLE_LOADER = "$(TEST_HOST)";
				INFOPLIST_FILE = Unit03Lesson02_06_BonusRoundTests/Info.plist;
				LD_RUNPATH_SEARCH_PATHS = "$(inherited) @executable_path/Frameworks @loader_path/Frameworks";
				PRODUCT_BUNDLE_IDENTIFIER = "com.mohojo-werks.Unit03Lesson02-06-BonusRoundTests";
				PRODUCT_NAME = BonusRound;
				TEST_HOST = "$(BUILT_PRODUCTS_DIR)/BonusRound.app/BonusRound";
			};
			name = Release;
		};
		E448F6471D7EBC35002223FD /* Debug */ = {
			isa = XCBuildConfiguration;
			buildSettings = {
				INFOPLIST_FILE = Unit03Lesson02_06_BonusRoundUITests/Info.plist;
				LD_RUNPATH_SEARCH_PATHS = "$(inherited) @executable_path/Frameworks @loader_path/Frameworks";
				PRODUCT_BUNDLE_IDENTIFIER = "com.mohojo-werks.Unit03Lesson02-06-BonusRoundUITests";
				PRODUCT_NAME = BonusRound;
				TEST_TARGET_NAME = Unit03Lesson02_06_BonusRound;
			};
			name = Debug;
		};
		E448F6481D7EBC35002223FD /* Release */ = {
			isa = XCBuildConfiguration;
			buildSettings = {
				INFOPLIST_FILE = Unit03Lesson02_06_BonusRoundUITests/Info.plist;
				LD_RUNPATH_SEARCH_PATHS = "$(inherited) @executable_path/Frameworks @loader_path/Frameworks";
				PRODUCT_BUNDLE_IDENTIFIER = "com.mohojo-werks.Unit03Lesson02-06-BonusRoundUITests";
				PRODUCT_NAME = BonusRound;
				TEST_TARGET_NAME = Unit03Lesson02_06_BonusRound;
			};
			name = Release;
		};
/* End XCBuildConfiguration section */

/* Begin XCConfigurationList section */
		E448F6131D7EBC35002223FD /* Build configuration list for PBXProject "BonusRound" */ = {
			isa = XCConfigurationList;
			buildConfigurations = (
				E448F63E1D7EBC35002223FD /* Debug */,
				E448F63F1D7EBC35002223FD /* Release */,
			);
			defaultConfigurationIsVisible = 0;
			defaultConfigurationName = Release;
		};
		E448F6401D7EBC35002223FD /* Build configuration list for PBXNativeTarget "BonusRound" */ = {
			isa = XCConfigurationList;
			buildConfigurations = (
				E448F6411D7EBC35002223FD /* Debug */,
				E448F6421D7EBC35002223FD /* Release */,
			);
			defaultConfigurationIsVisible = 0;
			defaultConfigurationName = Release;
		};
		E448F6431D7EBC35002223FD /* Build configuration list for PBXNativeTarget "BonusRoundTests" */ = {
			isa = XCConfigurationList;
			buildConfigurations = (
				E448F6441D7EBC35002223FD /* Debug */,
				E448F6451D7EBC35002223FD /* Release */,
			);
			defaultConfigurationIsVisible = 0;
			defaultConfigurationName = Release;
		};
		E448F6461D7EBC35002223FD /* Build configuration list for PBXNativeTarget "BonusRoundUITests" */ = {
			isa = XCConfigurationList;
			buildConfigurations = (
				E448F6471D7EBC35002223FD /* Debug */,
				E448F6481D7EBC35002223FD /* Release */,
			);
			defaultConfigurationIsVisible = 0;
			defaultConfigurationName = Release;
		};
/* End XCConfigurationList section */
	};
	rootObject = E448F6101D7EBC35002223FD /* Project object */;
}
