// !$*UTF8*$!
{
	archiveVersion = 1;
	classes = {
	};
	objectVersion = 46;
	objects = {

/* Begin PBXBuildFile section */
		E4A93C391D98454F00B774E8 /* AppDelegate.swift in Sources */ = {isa = PBXBuildFile; fileRef = E4A93C381D98454F00B774E8 /* AppDelegate.swift */; };
		E4A93C3B1D98454F00B774E8 /* ViewController.swift in Sources */ = {isa = PBXBuildFile; fileRef = E4A93C3A1D98454F00B774E8 /* ViewController.swift */; };
		E4A93C3E1D98454F00B774E8 /* Main.storyboard in Resources */ = {isa = PBXBuildFile; fileRef = E4A93C3C1D98454F00B774E8 /* Main.storyboard */; };
		E4A93C401D98454F00B774E8 /* Assets.xcassets in Resources */ = {isa = PBXBuildFile; fileRef = E4A93C3F1D98454F00B774E8 /* Assets.xcassets */; };
		E4A93C431D98454F00B774E8 /* LaunchScreen.storyboard in Resources */ = {isa = PBXBuildFile; fileRef = E4A93C411D98454F00B774E8 /* LaunchScreen.storyboard */; };
		E4A93C4E1D98454F00B774E8 /* Web_Service_ExampleTests.swift in Sources */ = {isa = PBXBuildFile; fileRef = E4A93C4D1D98454F00B774E8 /* Web_Service_ExampleTests.swift */; };
		E4A93C591D98454F00B774E8 /* Web_Service_ExampleUITests.swift in Sources */ = {isa = PBXBuildFile; fileRef = E4A93C581D98454F00B774E8 /* Web_Service_ExampleUITests.swift */; };
		E4A93C7F1D9889AF00B774E8 /* keys.private in Resources */ = {isa = PBXBuildFile; fileRef = E4A93C7E1D9889AF00B774E8 /* keys.private */; };
		E4C0E5E21D98CA3800607097 /* SwiftyJSON.swift in Sources */ = {isa = PBXBuildFile; fileRef = E4C0E5E11D98CA3800607097 /* SwiftyJSON.swift */; };
		E4C0E61C1D99FC8D00607097 /* Alamofire.framework in Frameworks */ = {isa = PBXBuildFile; fileRef = E4C0E60A1D99F83600607097 /* Alamofire.framework */; };
		E4C0E61D1D99FC8D00607097 /* Alamofire.framework in Embed Frameworks */ = {isa = PBXBuildFile; fileRef = E4C0E60A1D99F83600607097 /* Alamofire.framework */; settings = {ATTRIBUTES = (CodeSignOnCopy, RemoveHeadersOnCopy, ); }; };
/* End PBXBuildFile section */

/* Begin PBXContainerItemProxy section */
		E4A93C4A1D98454F00B774E8 /* PBXContainerItemProxy */ = {
			isa = PBXContainerItemProxy;
			containerPortal = E4A93C2D1D98454F00B774E8 /* Project object */;
			proxyType = 1;
			remoteGlobalIDString = E4A93C341D98454F00B774E8;
			remoteInfo = "Web Service Example";
		};
		E4A93C551D98454F00B774E8 /* PBXContainerItemProxy */ = {
			isa = PBXContainerItemProxy;
			containerPortal = E4A93C2D1D98454F00B774E8 /* Project object */;
			proxyType = 1;
			remoteGlobalIDString = E4A93C341D98454F00B774E8;
			remoteInfo = "Web Service Example";
		};
		E4C0E6091D99F83600607097 /* PBXContainerItemProxy */ = {
			isa = PBXContainerItemProxy;
			containerPortal = E4C0E5FE1D99F83600607097 /* Alamofire.xcodeproj */;
			proxyType = 2;
			remoteGlobalIDString = F8111E3319A95C8B0040E7D1;
			remoteInfo = "Alamofire iOS";
		};
		E4C0E60B1D99F83600607097 /* PBXContainerItemProxy */ = {
			isa = PBXContainerItemProxy;
			containerPortal = E4C0E5FE1D99F83600607097 /* Alamofire.xcodeproj */;
			proxyType = 2;
			remoteGlobalIDString = F8111E3E19A95C8B0040E7D1;
			remoteInfo = "Alamofire iOS Tests";
		};
		E4C0E60D1D99F83600607097 /* PBXContainerItemProxy */ = {
			isa = PBXContainerItemProxy;
			containerPortal = E4C0E5FE1D99F83600607097 /* Alamofire.xcodeproj */;
			proxyType = 2;
			remoteGlobalIDString = 4DD67C0B1A5C55C900ED2280;
			remoteInfo = "Alamofire macOS";
		};
		E4C0E60F1D99F83600607097 /* PBXContainerItemProxy */ = {
			isa = PBXContainerItemProxy;
			containerPortal = E4C0E5FE1D99F83600607097 /* Alamofire.xcodeproj */;
			proxyType = 2;
			remoteGlobalIDString = F829C6B21A7A94F100A2CD59;
			remoteInfo = "Alamofire macOS Tests";
		};
		E4C0E6111D99F83600607097 /* PBXContainerItemProxy */ = {
			isa = PBXContainerItemProxy;
			containerPortal = E4C0E5FE1D99F83600607097 /* Alamofire.xcodeproj */;
			proxyType = 2;
			remoteGlobalIDString = 4CF626EF1BA7CB3E0011A099;
			remoteInfo = "Alamofire tvOS";
		};
		E4C0E6131D99F83600607097 /* PBXContainerItemProxy */ = {
			isa = PBXContainerItemProxy;
			containerPortal = E4C0E5FE1D99F83600607097 /* Alamofire.xcodeproj */;
			proxyType = 2;
			remoteGlobalIDString = 4CF626F81BA7CB3E0011A099;
			remoteInfo = "Alamofire tvOS Tests";
		};
		E4C0E6151D99F83600607097 /* PBXContainerItemProxy */ = {
			isa = PBXContainerItemProxy;
			containerPortal = E4C0E5FE1D99F83600607097 /* Alamofire.xcodeproj */;
			proxyType = 2;
			remoteGlobalIDString = E4202FE01B667AA100C997FB;
			remoteInfo = "Alamofire watchOS";
		};
		E4C0E61E1D99FC8D00607097 /* PBXContainerItemProxy */ = {
			isa = PBXContainerItemProxy;
			containerPortal = E4C0E5FE1D99F83600607097 /* Alamofire.xcodeproj */;
			proxyType = 1;
			remoteGlobalIDString = F8111E3219A95C8B0040E7D1;
			remoteInfo = "Alamofire iOS";
		};
/* End PBXContainerItemProxy section */

/* Begin PBXCopyFilesBuildPhase section */
		E4C0E6241D99FC8D00607097 /* Embed Frameworks */ = {
			isa = PBXCopyFilesBuildPhase;
			buildActionMask = 2147483647;
			dstPath = "";
			dstSubfolderSpec = 10;
			files = (
				E4C0E61D1D99FC8D00607097 /* Alamofire.framework in Embed Frameworks */,
			);
			name = "Embed Frameworks";
			runOnlyForDeploymentPostprocessing = 0;
		};
/* End PBXCopyFilesBuildPhase section */

/* Begin PBXFileReference section */
		E4A93C351D98454F00B774E8 /* Web Service Example.app */ = {isa = PBXFileReference; explicitFileType = wrapper.application; includeInIndex = 0; path = "Web Service Example.app"; sourceTree = BUILT_PRODUCTS_DIR; };
		E4A93C381D98454F00B774E8 /* AppDelegate.swift */ = {isa = PBXFileReference; lastKnownFileType = sourcecode.swift; path = AppDelegate.swift; sourceTree = "<group>"; };
		E4A93C3A1D98454F00B774E8 /* ViewController.swift */ = {isa = PBXFileReference; lastKnownFileType = sourcecode.swift; path = ViewController.swift; sourceTree = "<group>"; };
		E4A93C3D1D98454F00B774E8 /* Base */ = {isa = PBXFileReference; lastKnownFileType = file.storyboard; name = Base; path = Base.lproj/Main.storyboard; sourceTree = "<group>"; };
		E4A93C3F1D98454F00B774E8 /* Assets.xcassets */ = {isa = PBXFileReference; lastKnownFileType = folder.assetcatalog; path = Assets.xcassets; sourceTree = "<group>"; };
		E4A93C421D98454F00B774E8 /* Base */ = {isa = PBXFileReference; lastKnownFileType = file.storyboard; name = Base; path = Base.lproj/LaunchScreen.storyboard; sourceTree = "<group>"; };
		E4A93C441D98454F00B774E8 /* Info.plist */ = {isa = PBXFileReference; lastKnownFileType = text.plist.xml; path = Info.plist; sourceTree = "<group>"; };
		E4A93C491D98454F00B774E8 /* Web Service ExampleTests.xctest */ = {isa = PBXFileReference; explicitFileType = wrapper.cfbundle; includeInIndex = 0; path = "Web Service ExampleTests.xctest"; sourceTree = BUILT_PRODUCTS_DIR; };
		E4A93C4D1D98454F00B774E8 /* Web_Service_ExampleTests.swift */ = {isa = PBXFileReference; lastKnownFileType = sourcecode.swift; path = Web_Service_ExampleTests.swift; sourceTree = "<group>"; };
		E4A93C4F1D98454F00B774E8 /* Info.plist */ = {isa = PBXFileReference; lastKnownFileType = text.plist.xml; path = Info.plist; sourceTree = "<group>"; };
		E4A93C541D98454F00B774E8 /* Web Service ExampleUITests.xctest */ = {isa = PBXFileReference; explicitFileType = wrapper.cfbundle; includeInIndex = 0; path = "Web Service ExampleUITests.xctest"; sourceTree = BUILT_PRODUCTS_DIR; };
		E4A93C581D98454F00B774E8 /* Web_Service_ExampleUITests.swift */ = {isa = PBXFileReference; lastKnownFileType = sourcecode.swift; path = Web_Service_ExampleUITests.swift; sourceTree = "<group>"; };
		E4A93C5A1D98454F00B774E8 /* Info.plist */ = {isa = PBXFileReference; lastKnownFileType = text.plist.xml; path = Info.plist; sourceTree = "<group>"; };
		E4A93C7E1D9889AF00B774E8 /* keys.private */ = {isa = PBXFileReference; fileEncoding = 4; lastKnownFileType = text; path = keys.private; sourceTree = "<group>"; };
		E4C0E5E01D98B9DF00607097 /* Playground.playground */ = {isa = PBXFileReference; lastKnownFileType = file.playground; path = Playground.playground; sourceTree = "<group>"; };
		E4C0E5E11D98CA3800607097 /* SwiftyJSON.swift */ = {isa = PBXFileReference; fileEncoding = 4; lastKnownFileType = sourcecode.swift; path = SwiftyJSON.swift; sourceTree = "<group>"; };
		E4C0E5FE1D99F83600607097 /* Alamofire.xcodeproj */ = {isa = PBXFileReference; lastKnownFileType = "wrapper.pb-project"; name = Alamofire.xcodeproj; path = Alamofire/Alamofire.xcodeproj; sourceTree = "<group>"; };
/* End PBXFileReference section */

/* Begin PBXFrameworksBuildPhase section */
		E4A93C321D98454F00B774E8 /* Frameworks */ = {
			isa = PBXFrameworksBuildPhase;
			buildActionMask = 2147483647;
			files = (
				E4C0E61C1D99FC8D00607097 /* Alamofire.framework in Frameworks */,
			);
			runOnlyForDeploymentPostprocessing = 0;
		};
		E4A93C461D98454F00B774E8 /* Frameworks */ = {
			isa = PBXFrameworksBuildPhase;
			buildActionMask = 2147483647;
			files = (
			);
			runOnlyForDeploymentPostprocessing = 0;
		};
		E4A93C511D98454F00B774E8 /* Frameworks */ = {
			isa = PBXFrameworksBuildPhase;
			buildActionMask = 2147483647;
			files = (
			);
			runOnlyForDeploymentPostprocessing = 0;
		};
/* End PBXFrameworksBuildPhase section */

/* Begin PBXGroup section */
		E4A93C2C1D98454F00B774E8 = {
			isa = PBXGroup;
			children = (
				E4C0E5FE1D99F83600607097 /* Alamofire.xcodeproj */,
				E4C0E5E01D98B9DF00607097 /* Playground.playground */,
				E4A93C7E1D9889AF00B774E8 /* keys.private */,
				E4A93C371D98454F00B774E8 /* Web Service Example */,
				E4A93C4C1D98454F00B774E8 /* Web Service ExampleTests */,
				E4A93C571D98454F00B774E8 /* Web Service ExampleUITests */,
				E4A93C361D98454F00B774E8 /* Products */,
			);
			sourceTree = "<group>";
		};
		E4A93C361D98454F00B774E8 /* Products */ = {
			isa = PBXGroup;
			children = (
				E4A93C351D98454F00B774E8 /* Web Service Example.app */,
				E4A93C491D98454F00B774E8 /* Web Service ExampleTests.xctest */,
				E4A93C541D98454F00B774E8 /* Web Service ExampleUITests.xctest */,
			);
			name = Products;
			sourceTree = "<group>";
		};
		E4A93C371D98454F00B774E8 /* Web Service Example */ = {
			isa = PBXGroup;
			children = (
				E4C0E5E41D98CA5300607097 /* 3rd-Party Frameworks */,
				E4A93C381D98454F00B774E8 /* AppDelegate.swift */,
				E4A93C3A1D98454F00B774E8 /* ViewController.swift */,
				E4A93C661D9845A900B774E8 /* Storyboards */,
				E4A93C3F1D98454F00B774E8 /* Assets.xcassets */,
				E4A93C441D98454F00B774E8 /* Info.plist */,
			);
			path = "Web Service Example";
			sourceTree = "<group>";
		};
		E4A93C4C1D98454F00B774E8 /* Web Service ExampleTests */ = {
			isa = PBXGroup;
			children = (
				E4A93C4D1D98454F00B774E8 /* Web_Service_ExampleTests.swift */,
				E4A93C4F1D98454F00B774E8 /* Info.plist */,
			);
			path = "Web Service ExampleTests";
			sourceTree = "<group>";
		};
		E4A93C571D98454F00B774E8 /* Web Service ExampleUITests */ = {
			isa = PBXGroup;
			children = (
				E4A93C581D98454F00B774E8 /* Web_Service_ExampleUITests.swift */,
				E4A93C5A1D98454F00B774E8 /* Info.plist */,
			);
			path = "Web Service ExampleUITests";
			sourceTree = "<group>";
		};
		E4A93C661D9845A900B774E8 /* Storyboards */ = {
			isa = PBXGroup;
			children = (
				E4A93C3C1D98454F00B774E8 /* Main.storyboard */,
				E4A93C411D98454F00B774E8 /* LaunchScreen.storyboard */,
			);
			name = Storyboards;
			sourceTree = "<group>";
		};
		E4C0E5E31D98CA4000607097 /* SwiftyJSON */ = {
			isa = PBXGroup;
			children = (
				E4C0E5E11D98CA3800607097 /* SwiftyJSON.swift */,
			);
			name = SwiftyJSON;
			sourceTree = "<group>";
		};
		E4C0E5E41D98CA5300607097 /* 3rd-Party Frameworks */ = {
			isa = PBXGroup;
			children = (
				E4C0E5E31D98CA4000607097 /* SwiftyJSON */,
			);
			name = "3rd-Party Frameworks";
			sourceTree = "<group>";
		};
		E4C0E5FF1D99F83600607097 /* Products */ = {
			isa = PBXGroup;
			children = (
				E4C0E60A1D99F83600607097 /* Alamofire.framework */,
				E4C0E60C1D99F83600607097 /* Alamofire iOS Tests.xctest */,
				E4C0E60E1D99F83600607097 /* Alamofire.framework */,
				E4C0E6101D99F83600607097 /* Alamofire macOS Tests.xctest */,
				E4C0E6121D99F83600607097 /* Alamofire.framework */,
				E4C0E6141D99F83600607097 /* Alamofire tvOS Tests.xctest */,
				E4C0E6161D99F83600607097 /* Alamofire.framework */,
			);
			name = Products;
			sourceTree = "<group>";
		};
/* End PBXGroup section */

/* Begin PBXNativeTarget section */
		E4A93C341D98454F00B774E8 /* Web Service Example */ = {
			isa = PBXNativeTarget;
			buildConfigurationList = E4A93C5D1D98454F00B774E8 /* Build configuration list for PBXNativeTarget "Web Service Example" */;
			buildPhases = (
				E4A93C311D98454F00B774E8 /* Sources */,
				E4A93C321D98454F00B774E8 /* Frameworks */,
				E4A93C331D98454F00B774E8 /* Resources */,
				E4C0E6241D99FC8D00607097 /* Embed Frameworks */,
			);
			buildRules = (
			);
			dependencies = (
				E4C0E61F1D99FC8D00607097 /* PBXTargetDependency */,
			);
			name = "Web Service Example";
			productName = "Web Service Example";
			productReference = E4A93C351D98454F00B774E8 /* Web Service Example.app */;
			productType = "com.apple.product-type.application";
		};
		E4A93C481D98454F00B774E8 /* Web Service ExampleTests */ = {
			isa = PBXNativeTarget;
			buildConfigurationList = E4A93C601D98454F00B774E8 /* Build configuration list for PBXNativeTarget "Web Service ExampleTests" */;
			buildPhases = (
				E4A93C451D98454F00B774E8 /* Sources */,
				E4A93C461D98454F00B774E8 /* Frameworks */,
				E4A93C471D98454F00B774E8 /* Resources */,
			);
			buildRules = (
			);
			dependencies = (
				E4A93C4B1D98454F00B774E8 /* PBXTargetDependency */,
			);
			name = "Web Service ExampleTests";
			productName = "Web Service ExampleTests";
			productReference = E4A93C491D98454F00B774E8 /* Web Service ExampleTests.xctest */;
			productType = "com.apple.product-type.bundle.unit-test";
		};
		E4A93C531D98454F00B774E8 /* Web Service ExampleUITests */ = {
			isa = PBXNativeTarget;
			buildConfigurationList = E4A93C631D98454F00B774E8 /* Build configuration list for PBXNativeTarget "Web Service ExampleUITests" */;
			buildPhases = (
				E4A93C501D98454F00B774E8 /* Sources */,
				E4A93C511D98454F00B774E8 /* Frameworks */,
				E4A93C521D98454F00B774E8 /* Resources */,
			);
			buildRules = (
			);
			dependencies = (
				E4A93C561D98454F00B774E8 /* PBXTargetDependency */,
			);
			name = "Web Service ExampleUITests";
			productName = "Web Service ExampleUITests";
			productReference = E4A93C541D98454F00B774E8 /* Web Service ExampleUITests.xctest */;
			productType = "com.apple.product-type.bundle.ui-testing";
		};
/* End PBXNativeTarget section */

/* Begin PBXProject section */
		E4A93C2D1D98454F00B774E8 /* Project object */ = {
			isa = PBXProject;
			attributes = {
				LastSwiftUpdateCheck = 0800;
				LastUpgradeCheck = 0800;
				ORGANIZATIONNAME = "Mohojo Werks LLC";
				TargetAttributes = {
					E4A93C341D98454F00B774E8 = {
						CreatedOnToolsVersion = 8.0;
						ProvisioningStyle = Automatic;
					};
					E4A93C481D98454F00B774E8 = {
						CreatedOnToolsVersion = 8.0;
						ProvisioningStyle = Automatic;
						TestTargetID = E4A93C341D98454F00B774E8;
					};
					E4A93C531D98454F00B774E8 = {
						CreatedOnToolsVersion = 8.0;
						ProvisioningStyle = Automatic;
						TestTargetID = E4A93C341D98454F00B774E8;
					};
				};
			};
			buildConfigurationList = E4A93C301D98454F00B774E8 /* Build configuration list for PBXProject "Web Service Example" */;
			compatibilityVersion = "Xcode 3.2";
			developmentRegion = English;
			hasScannedForEncodings = 0;
			knownRegions = (
				en,
				Base,
			);
			mainGroup = E4A93C2C1D98454F00B774E8;
			productRefGroup = E4A93C361D98454F00B774E8 /* Products */;
			projectDirPath = "";
			projectReferences = (
				{
					ProductGroup = E4C0E5FF1D99F83600607097 /* Products */;
					ProjectRef = E4C0E5FE1D99F83600607097 /* Alamofire.xcodeproj */;
				},
			);
			projectRoot = "";
			targets = (
				E4A93C341D98454F00B774E8 /* Web Service Example */,
				E4A93C481D98454F00B774E8 /* Web Service ExampleTests */,
				E4A93C531D98454F00B774E8 /* Web Service ExampleUITests */,
			);
		};
/* End PBXProject section */

/* Begin PBXReferenceProxy section */
		E4C0E60A1D99F83600607097 /* Alamofire.framework */ = {
			isa = PBXReferenceProxy;
			fileType = wrapper.framework;
			path = Alamofire.framework;
			remoteRef = E4C0E6091D99F83600607097 /* PBXContainerItemProxy */;
			sourceTree = BUILT_PRODUCTS_DIR;
		};
		E4C0E60C1D99F83600607097 /* Alamofire iOS Tests.xctest */ = {
			isa = PBXReferenceProxy;
			fileType = wrapper.cfbundle;
			path = "Alamofire iOS Tests.xctest";
			remoteRef = E4C0E60B1D99F83600607097 /* PBXContainerItemProxy */;
			sourceTree = BUILT_PRODUCTS_DIR;
		};
		E4C0E60E1D99F83600607097 /* Alamofire.framework */ = {
			isa = PBXReferenceProxy;
			fileType = wrapper.framework;
			path = Alamofire.framework;
			remoteRef = E4C0E60D1D99F83600607097 /* PBXContainerItemProxy */;
			sourceTree = BUILT_PRODUCTS_DIR;
		};
		E4C0E6101D99F83600607097 /* Alamofire macOS Tests.xctest */ = {
			isa = PBXReferenceProxy;
			fileType = wrapper.cfbundle;
			path = "Alamofire macOS Tests.xctest";
			remoteRef = E4C0E60F1D99F83600607097 /* PBXContainerItemProxy */;
			sourceTree = BUILT_PRODUCTS_DIR;
		};
		E4C0E6121D99F83600607097 /* Alamofire.framework */ = {
			isa = PBXReferenceProxy;
			fileType = wrapper.framework;
			path = Alamofire.framework;
			remoteRef = E4C0E6111D99F83600607097 /* PBXContainerItemProxy */;
			sourceTree = BUILT_PRODUCTS_DIR;
		};
		E4C0E6141D99F83600607097 /* Alamofire tvOS Tests.xctest */ = {
			isa = PBXReferenceProxy;
			fileType = wrapper.cfbundle;
			path = "Alamofire tvOS Tests.xctest";
			remoteRef = E4C0E6131D99F83600607097 /* PBXContainerItemProxy */;
			sourceTree = BUILT_PRODUCTS_DIR;
		};
		E4C0E6161D99F83600607097 /* Alamofire.framework */ = {
			isa = PBXReferenceProxy;
			fileType = wrapper.framework;
			path = Alamofire.framework;
			remoteRef = E4C0E6151D99F83600607097 /* PBXContainerItemProxy */;
			sourceTree = BUILT_PRODUCTS_DIR;
		};
/* End PBXReferenceProxy section */

/* Begin PBXResourcesBuildPhase section */
		E4A93C331D98454F00B774E8 /* Resources */ = {
			isa = PBXResourcesBuildPhase;
			buildActionMask = 2147483647;
			files = (
				E4A93C431D98454F00B774E8 /* LaunchScreen.storyboard in Resources */,
				E4A93C401D98454F00B774E8 /* Assets.xcassets in Resources */,
				E4A93C3E1D98454F00B774E8 /* Main.storyboard in Resources */,
				E4A93C7F1D9889AF00B774E8 /* keys.private in Resources */,
			);
			runOnlyForDeploymentPostprocessing = 0;
		};
		E4A93C471D98454F00B774E8 /* Resources */ = {
			isa = PBXResourcesBuildPhase;
			buildActionMask = 2147483647;
			files = (
			);
			runOnlyForDeploymentPostprocessing = 0;
		};
		E4A93C521D98454F00B774E8 /* Resources */ = {
			isa = PBXResourcesBuildPhase;
			buildActionMask = 2147483647;
			files = (
			);
			runOnlyForDeploymentPostprocessing = 0;
		};
/* End PBXResourcesBuildPhase section */

/* Begin PBXSourcesBuildPhase section */
		E4A93C311D98454F00B774E8 /* Sources */ = {
			isa = PBXSourcesBuildPhase;
			buildActionMask = 2147483647;
			files = (
				E4C0E5E21D98CA3800607097 /* SwiftyJSON.swift in Sources */,
				E4A93C3B1D98454F00B774E8 /* ViewController.swift in Sources */,
				E4A93C391D98454F00B774E8 /* AppDelegate.swift in Sources */,
			);
			runOnlyForDeploymentPostprocessing = 0;
		};
		E4A93C451D98454F00B774E8 /* Sources */ = {
			isa = PBXSourcesBuildPhase;
			buildActionMask = 2147483647;
			files = (
				E4A93C4E1D98454F00B774E8 /* Web_Service_ExampleTests.swift in Sources */,
			);
			runOnlyForDeploymentPostprocessing = 0;
		};
		E4A93C501D98454F00B774E8 /* Sources */ = {
			isa = PBXSourcesBuildPhase;
			buildActionMask = 2147483647;
			files = (
				E4A93C591D98454F00B774E8 /* Web_Service_ExampleUITests.swift in Sources */,
			);
			runOnlyForDeploymentPostprocessing = 0;
		};
/* End PBXSourcesBuildPhase section */

/* Begin PBXTargetDependency section */
		E4A93C4B1D98454F00B774E8 /* PBXTargetDependency */ = {
			isa = PBXTargetDependency;
			target = E4A93C341D98454F00B774E8 /* Web Service Example */;
			targetProxy = E4A93C4A1D98454F00B774E8 /* PBXContainerItemProxy */;
		};
		E4A93C561D98454F00B774E8 /* PBXTargetDependency */ = {
			isa = PBXTargetDependency;
			target = E4A93C341D98454F00B774E8 /* Web Service Example */;
			targetProxy = E4A93C551D98454F00B774E8 /* PBXContainerItemProxy */;
		};
		E4C0E61F1D99FC8D00607097 /* PBXTargetDependency */ = {
			isa = PBXTargetDependency;
			name = "Alamofire iOS";
			targetProxy = E4C0E61E1D99FC8D00607097 /* PBXContainerItemProxy */;
		};
/* End PBXTargetDependency section */

/* Begin PBXVariantGroup section */
		E4A93C3C1D98454F00B774E8 /* Main.storyboard */ = {
			isa = PBXVariantGroup;
			children = (
				E4A93C3D1D98454F00B774E8 /* Base */,
			);
			name = Main.storyboard;
			sourceTree = "<group>";
		};
		E4A93C411D98454F00B774E8 /* LaunchScreen.storyboard */ = {
			isa = PBXVariantGroup;
			children = (
				E4A93C421D98454F00B774E8 /* Base */,
			);
			name = LaunchScreen.storyboard;
			sourceTree = "<group>";
		};
/* End PBXVariantGroup section */

/* Begin XCBuildConfiguration section */
		E4A93C5B1D98454F00B774E8 /* Debug */ = {
			isa = XCBuildConfiguration;
			buildSettings = {
				ALWAYS_SEARCH_USER_PATHS = NO;
				CLANG_ANALYZER_NONNULL = YES;
				CLANG_CXX_LANGUAGE_STANDARD = "gnu++0x";
				CLANG_CXX_LIBRARY = "libc++";
				CLANG_ENABLE_MODULES = YES;
				CLANG_ENABLE_OBJC_ARC = YES;
				CLANG_WARN_BOOL_CONVERSION = YES;
				CLANG_WARN_CONSTANT_CONVERSION = YES;
				CLANG_WARN_DIRECT_OBJC_ISA_USAGE = YES_ERROR;
				CLANG_WARN_DOCUMENTATION_COMMENTS = YES;
				CLANG_WARN_EMPTY_BODY = YES;
				CLANG_WARN_ENUM_CONVERSION = YES;
				CLANG_WARN_INFINITE_RECURSION = YES;
				CLANG_WARN_INT_CONVERSION = YES;
				CLANG_WARN_OBJC_ROOT_CLASS = YES_ERROR;
				CLANG_WARN_SUSPICIOUS_MOVES = YES;
				CLANG_WARN_UNREACHABLE_CODE = YES;
				CLANG_WARN__DUPLICATE_METHOD_MATCH = YES;
				"CODE_SIGN_IDENTITY[sdk=iphoneos*]" = "iPhone Developer";
				COPY_PHASE_STRIP = NO;
				DEBUG_INFORMATION_FORMAT = dwarf;
				ENABLE_STRICT_OBJC_MSGSEND = YES;
				ENABLE_TESTABILITY = YES;
				GCC_C_LANGUAGE_STANDARD = gnu99;
				GCC_DYNAMIC_NO_PIC = NO;
				GCC_NO_COMMON_BLOCKS = YES;
				GCC_OPTIMIZATION_LEVEL = 0;
				GCC_PREPROCESSOR_DEFINITIONS = (
					"DEBUG=1",
					"$(inherited)",
				);
				GCC_WARN_64_TO_32_BIT_CONVERSION = YES;
				GCC_WARN_ABOUT_RETURN_TYPE = YES_ERROR;
				GCC_WARN_UNDECLARED_SELECTOR = YES;
				GCC_WARN_UNINITIALIZED_AUTOS = YES_AGGRESSIVE;
				GCC_WARN_UNUSED_FUNCTION = YES;
				GCC_WARN_UNUSED_VARIABLE = YES;
				IPHONEOS_DEPLOYMENT_TARGET = 10.0;
				MTL_ENABLE_DEBUG_INFO = YES;
				ONLY_ACTIVE_ARCH = YES;
				SDKROOT = iphoneos;
				SWIFT_ACTIVE_COMPILATION_CONDITIONS = DEBUG;
				SWIFT_OPTIMIZATION_LEVEL = "-Onone";
				TARGETED_DEVICE_FAMILY = "1,2";
			};
			name = Debug;
		};
		E4A93C5C1D98454F00B774E8 /* Release */ = {
			isa = XCBuildConfiguration;
			buildSettings = {
				ALWAYS_SEARCH_USER_PATHS = NO;
				CLANG_ANALYZER_NONNULL = YES;
				CLANG_CXX_LANGUAGE_STANDARD = "gnu++0x";
				CLANG_CXX_LIBRARY = "libc++";
				CLANG_ENABLE_MODULES = YES;
				CLANG_ENABLE_OBJC_ARC = YES;
				CLANG_WARN_BOOL_CONVERSION = YES;
				CLANG_WARN_CONSTANT_CONVERSION = YES;
				CLANG_WARN_DIRECT_OBJC_ISA_USAGE = YES_ERROR;
				CLANG_WARN_DOCUMENTATION_COMMENTS = YES;
				CLANG_WARN_EMPTY_BODY = YES;
				CLANG_WARN_ENUM_CONVERSION = YES;
				CLANG_WARN_INFINITE_RECURSION = YES;
				CLANG_WARN_INT_CONVERSION = YES;
				CLANG_WARN_OBJC_ROOT_CLASS = YES_ERROR;
				CLANG_WARN_SUSPICIOUS_MOVES = YES;
				CLANG_WARN_UNREACHABLE_CODE = YES;
				CLANG_WARN__DUPLICATE_METHOD_MATCH = YES;
				"CODE_SIGN_IDENTITY[sdk=iphoneos*]" = "iPhone Developer";
				COPY_PHASE_STRIP = NO;
				DEBUG_INFORMATION_FORMAT = "dwarf-with-dsym";
				ENABLE_NS_ASSERTIONS = NO;
				ENABLE_STRICT_OBJC_MSGSEND = YES;
				GCC_C_LANGUAGE_STANDARD = gnu99;
				GCC_NO_COMMON_BLOCKS = YES;
				GCC_WARN_64_TO_32_BIT_CONVERSION = YES;
				GCC_WARN_ABOUT_RETURN_TYPE = YES_ERROR;
				GCC_WARN_UNDECLARED_SELECTOR = YES;
				GCC_WARN_UNINITIALIZED_AUTOS = YES_AGGRESSIVE;
				GCC_WARN_UNUSED_FUNCTION = YES;
				GCC_WARN_UNUSED_VARIABLE = YES;
				IPHONEOS_DEPLOYMENT_TARGET = 10.0;
				MTL_ENABLE_DEBUG_INFO = NO;
				SDKROOT = iphoneos;
				SWIFT_OPTIMIZATION_LEVEL = "-Owholemodule";
				TARGETED_DEVICE_FAMILY = "1,2";
				VALIDATE_PRODUCT = YES;
			};
			name = Release;
		};
		E4A93C5E1D98454F00B774E8 /* Debug */ = {
			isa = XCBuildConfiguration;
			buildSettings = {
				ALWAYS_EMBED_SWIFT_STANDARD_LIBRARIES = YES;
				ASSETCATALOG_COMPILER_APPICON_NAME = AppIcon;
				DEFINES_MODULE = NO;
				INFOPLIST_FILE = "Web Service Example/Info.plist";
				LD_RUNPATH_SEARCH_PATHS = "$(inherited) @executable_path/Frameworks";
				PRODUCT_BUNDLE_IDENTIFIER = "com.mohojo-werks.Web-Service-Example";
				PRODUCT_NAME = "$(TARGET_NAME)";
				SWIFT_OBJC_BRIDGING_HEADER = "";
				SWIFT_VERSION = 3.0;
			};
			name = Debug;
		};
		E4A93C5F1D98454F00B774E8 /* Release */ = {
			isa = XCBuildConfiguration;
			buildSettings = {
				ALWAYS_EMBED_SWIFT_STANDARD_LIBRARIES = YES;
				ASSETCATALOG_COMPILER_APPICON_NAME = AppIcon;
				DEFINES_MODULE = NO;
				INFOPLIST_FILE = "Web Service Example/Info.plist";
				LD_RUNPATH_SEARCH_PATHS = "$(inherited) @executable_path/Frameworks";
				PRODUCT_BUNDLE_IDENTIFIER = "com.mohojo-werks.Web-Service-Example";
				PRODUCT_NAME = "$(TARGET_NAME)";
				SWIFT_OBJC_BRIDGING_HEADER = "";
				SWIFT_VERSION = 3.0;
			};
			name = Release;
		};
		E4A93C611D98454F00B774E8 /* Debug */ = {
			isa = XCBuildConfiguration;
			buildSettings = {
				ALWAYS_EMBED_SWIFT_STANDARD_LIBRARIES = YES;
				BUNDLE_LOADER = "$(TEST_HOST)";
				INFOPLIST_FILE = "Web Service ExampleTests/Info.plist";
				LD_RUNPATH_SEARCH_PATHS = "$(inherited) @executable_path/Frameworks @loader_path/Frameworks";
				PRODUCT_BUNDLE_IDENTIFIER = "com.mohojo-werks.Web-Service-ExampleTests";
				PRODUCT_NAME = "$(TARGET_NAME)";
				SWIFT_VERSION = 3.0;
				TEST_HOST = "$(BUILT_PRODUCTS_DIR)/Web Service Example.app/Web Service Example";
			};
			name = Debug;
		};
		E4A93C621D98454F00B774E8 /* Release */ = {
			isa = XCBuildConfiguration;
			buildSettings = {
				ALWAYS_EMBED_SWIFT_STANDARD_LIBRARIES = YES;
				BUNDLE_LOADER = "$(TEST_HOST)";
				INFOPLIST_FILE = "Web Service ExampleTests/Info.plist";
				LD_RUNPATH_SEARCH_PATHS = "$(inherited) @executable_path/Frameworks @loader_path/Frameworks";
				PRODUCT_BUNDLE_IDENTIFIER = "com.mohojo-werks.Web-Service-ExampleTests";
				PRODUCT_NAME = "$(TARGET_NAME)";
				SWIFT_VERSION = 3.0;
				TEST_HOST = "$(BUILT_PRODUCTS_DIR)/Web Service Example.app/Web Service Example";
			};
			name = Release;
		};
		E4A93C641D98454F00B774E8 /* Debug */ = {
			isa = XCBuildConfiguration;
			buildSettings = {
				ALWAYS_EMBED_SWIFT_STANDARD_LIBRARIES = YES;
				INFOPLIST_FILE = "Web Service ExampleUITests/Info.plist";
				LD_RUNPATH_SEARCH_PATHS = "$(inherited) @executable_path/Frameworks @loader_path/Frameworks";
				PRODUCT_BUNDLE_IDENTIFIER = "com.mohojo-werks.Web-Service-ExampleUITests";
				PRODUCT_NAME = "$(TARGET_NAME)";
				SWIFT_VERSION = 3.0;
				TEST_TARGET_NAME = "Web Service Example";
			};
			name = Debug;
		};
		E4A93C651D98454F00B774E8 /* Release */ = {
			isa = XCBuildConfiguration;
			buildSettings = {
				ALWAYS_EMBED_SWIFT_STANDARD_LIBRARIES = YES;
				INFOPLIST_FILE = "Web Service ExampleUITests/Info.plist";
				LD_RUNPATH_SEARCH_PATHS = "$(inherited) @executable_path/Frameworks @loader_path/Frameworks";
				PRODUCT_BUNDLE_IDENTIFIER = "com.mohojo-werks.Web-Service-ExampleUITests";
				PRODUCT_NAME = "$(TARGET_NAME)";
				SWIFT_VERSION = 3.0;
				TEST_TARGET_NAME = "Web Service Example";
			};
			name = Release;
		};
/* End XCBuildConfiguration section */

/* Begin XCConfigurationList section */
		E4A93C301D98454F00B774E8 /* Build configuration list for PBXProject "Web Service Example" */ = {
			isa = XCConfigurationList;
			buildConfigurations = (
				E4A93C5B1D98454F00B774E8 /* Debug */,
				E4A93C5C1D98454F00B774E8 /* Release */,
			);
			defaultConfigurationIsVisible = 0;
			defaultConfigurationName = Release;
		};
		E4A93C5D1D98454F00B774E8 /* Build configuration list for PBXNativeTarget "Web Service Example" */ = {
			isa = XCConfigurationList;
			buildConfigurations = (
				E4A93C5E1D98454F00B774E8 /* Debug */,
				E4A93C5F1D98454F00B774E8 /* Release */,
			);
			defaultConfigurationIsVisible = 0;
			defaultConfigurationName = Release;
		};
		E4A93C601D98454F00B774E8 /* Build configuration list for PBXNativeTarget "Web Service ExampleTests" */ = {
			isa = XCConfigurationList;
			buildConfigurations = (
				E4A93C611D98454F00B774E8 /* Debug */,
				E4A93C621D98454F00B774E8 /* Release */,
			);
			defaultConfigurationIsVisible = 0;
			defaultConfigurationName = Release;
		};
		E4A93C631D98454F00B774E8 /* Build configuration list for PBXNativeTarget "Web Service ExampleUITests" */ = {
			isa = XCConfigurationList;
			buildConfigurations = (
				E4A93C641D98454F00B774E8 /* Debug */,
				E4A93C651D98454F00B774E8 /* Release */,
			);
			defaultConfigurationIsVisible = 0;
			defaultConfigurationName = Release;
		};
/* End XCConfigurationList section */
	};
	rootObject = E4A93C2D1D98454F00B774E8 /* Project object */;
}
